// !$*UTF8*$!
{
	archiveVersion = 1;
	classes = {
	};
	objectVersion = 48;
	objects = {

/* Begin PBXBuildFile section */
		62259BB4203D912500862F4F /* AppDelegate.swift in Sources */ = {isa = PBXBuildFile; fileRef = 62259BB3203D912500862F4F /* AppDelegate.swift */; };
		62259BB6203D912500862F4F /* ViewController.swift in Sources */ = {isa = PBXBuildFile; fileRef = 62259BB5203D912500862F4F /* ViewController.swift */; };
		62259BB9203D912500862F4F /* Main.storyboard in Resources */ = {isa = PBXBuildFile; fileRef = 62259BB7203D912500862F4F /* Main.storyboard */; };
		62259BBB203D912500862F4F /* Assets.xcassets in Resources */ = {isa = PBXBuildFile; fileRef = 62259BBA203D912500862F4F /* Assets.xcassets */; };
		62259BBE203D912500862F4F /* LaunchScreen.storyboard in Resources */ = {isa = PBXBuildFile; fileRef = 62259BBC203D912500862F4F /* LaunchScreen.storyboard */; };
		62259BC9203D912500862F4F /* TechnicalTestTests.swift in Sources */ = {isa = PBXBuildFile; fileRef = 62259BC8203D912500862F4F /* TechnicalTestTests.swift */; };
		62259BD4203D912500862F4F /* TechnicalTestUITests.swift in Sources */ = {isa = PBXBuildFile; fileRef = 62259BD3203D912500862F4F /* TechnicalTestUITests.swift */; };
/* End PBXBuildFile section */

/* Begin PBXContainerItemProxy section */
		62259BC5203D912500862F4F /* PBXContainerItemProxy */ = {
			isa = PBXContainerItemProxy;
			containerPortal = 62259BA8203D912500862F4F /* Project object */;
			proxyType = 1;
			remoteGlobalIDString = 62259BAF203D912500862F4F;
			remoteInfo = TechnicalTest;
		};
		62259BD0203D912500862F4F /* PBXContainerItemProxy */ = {
			isa = PBXContainerItemProxy;
			containerPortal = 62259BA8203D912500862F4F /* Project object */;
			proxyType = 1;
			remoteGlobalIDString = 62259BAF203D912500862F4F;
			remoteInfo = TechnicalTest;
		};
/* End PBXContainerItemProxy section */

/* Begin PBXFileReference section */
		62259BB0203D912500862F4F /* TechnicalTest.app */ = {isa = PBXFileReference; explicitFileType = wrapper.application; includeInIndex = 0; path = TechnicalTest.app; sourceTree = BUILT_PRODUCTS_DIR; };
		62259BB3203D912500862F4F /* AppDelegate.swift */ = {isa = PBXFileReference; lastKnownFileType = sourcecode.swift; path = AppDelegate.swift; sourceTree = "<group>"; };
		62259BB5203D912500862F4F /* ViewController.swift */ = {isa = PBXFileReference; lastKnownFileType = sourcecode.swift; path = ViewController.swift; sourceTree = "<group>"; };
		62259BB8203D912500862F4F /* Base */ = {isa = PBXFileReference; lastKnownFileType = file.storyboard; name = Base; path = Base.lproj/Main.storyboard; sourceTree = "<group>"; };
		62259BBA203D912500862F4F /* Assets.xcassets */ = {isa = PBXFileReference; lastKnownFileType = folder.assetcatalog; path = Assets.xcassets; sourceTree = "<group>"; };
		62259BBD203D912500862F4F /* Base */ = {isa = PBXFileReference; lastKnownFileType = file.storyboard; name = Base; path = Base.lproj/LaunchScreen.storyboard; sourceTree = "<group>"; };
		62259BBF203D912500862F4F /* Info.plist */ = {isa = PBXFileReference; lastKnownFileType = text.plist.xml; path = Info.plist; sourceTree = "<group>"; };
		62259BC4203D912500862F4F /* TechnicalTestTests.xctest */ = {isa = PBXFileReference; explicitFileType = wrapper.cfbundle; includeInIndex = 0; path = TechnicalTestTests.xctest; sourceTree = BUILT_PRODUCTS_DIR; };
		62259BC8203D912500862F4F /* TechnicalTestTests.swift */ = {isa = PBXFileReference; lastKnownFileType = sourcecode.swift; path = TechnicalTestTests.swift; sourceTree = "<group>"; };
		62259BCA203D912500862F4F /* Info.plist */ = {isa = PBXFileReference; lastKnownFileType = text.plist.xml; path = Info.plist; sourceTree = "<group>"; };
		62259BCF203D912500862F4F /* TechnicalTestUITests.xctest */ = {isa = PBXFileReference; explicitFileType = wrapper.cfbundle; includeInIndex = 0; path = TechnicalTestUITests.xctest; sourceTree = BUILT_PRODUCTS_DIR; };
		62259BD3203D912500862F4F /* TechnicalTestUITests.swift */ = {isa = PBXFileReference; lastKnownFileType = sourcecode.swift; path = TechnicalTestUITests.swift; sourceTree = "<group>"; };
		62259BD5203D912500862F4F /* Info.plist */ = {isa = PBXFileReference; lastKnownFileType = text.plist.xml; path = Info.plist; sourceTree = "<group>"; };
/* End PBXFileReference section */

/* Begin PBXFrameworksBuildPhase section */
		62259BAD203D912500862F4F /* Frameworks */ = {
			isa = PBXFrameworksBuildPhase;
			buildActionMask = 2147483647;
			files = (
			);
			runOnlyForDeploymentPostprocessing = 0;
		};
		62259BC1203D912500862F4F /* Frameworks */ = {
			isa = PBXFrameworksBuildPhase;
			buildActionMask = 2147483647;
			files = (
			);
			runOnlyForDeploymentPostprocessing = 0;
		};
		62259BCC203D912500862F4F /* Frameworks */ = {
			isa = PBXFrameworksBuildPhase;
			buildActionMask = 2147483647;
			files = (
			);
			runOnlyForDeploymentPostprocessing = 0;
		};
/* End PBXFrameworksBuildPhase section */

/* Begin PBXGroup section */
		62259BA7203D912500862F4F = {
			isa = PBXGroup;
			children = (
				62259BB2203D912500862F4F /* TechnicalTest */,
				62259BC7203D912500862F4F /* TechnicalTestTests */,
				62259BD2203D912500862F4F /* TechnicalTestUITests */,
				62259BB1203D912500862F4F /* Products */,
			);
			sourceTree = "<group>";
		};
		62259BB1203D912500862F4F /* Products */ = {
			isa = PBXGroup;
			children = (
				62259BB0203D912500862F4F /* TechnicalTest.app */,
				62259BC4203D912500862F4F /* TechnicalTestTests.xctest */,
				62259BCF203D912500862F4F /* TechnicalTestUITests.xctest */,
			);
			name = Products;
			sourceTree = "<group>";
		};
		62259BB2203D912500862F4F /* TechnicalTest */ = {
			isa = PBXGroup;
			children = (
				62259BB3203D912500862F4F /* AppDelegate.swift */,
				62259BB5203D912500862F4F /* ViewController.swift */,
				62259BB7203D912500862F4F /* Main.storyboard */,
				62259BBA203D912500862F4F /* Assets.xcassets */,
				62259BBC203D912500862F4F /* LaunchScreen.storyboard */,
				62259BBF203D912500862F4F /* Info.plist */,
			);
			path = TechnicalTest;
			sourceTree = "<group>";
		};
		62259BC7203D912500862F4F /* TechnicalTestTests */ = {
			isa = PBXGroup;
			children = (
				62259BC8203D912500862F4F /* TechnicalTestTests.swift */,
				62259BCA203D912500862F4F /* Info.plist */,
			);
			path = TechnicalTestTests;
			sourceTree = "<group>";
		};
		62259BD2203D912500862F4F /* TechnicalTestUITests */ = {
			isa = PBXGroup;
			children = (
				62259BD3203D912500862F4F /* TechnicalTestUITests.swift */,
				62259BD5203D912500862F4F /* Info.plist */,
			);
			path = TechnicalTestUITests;
			sourceTree = "<group>";
		};
/* End PBXGroup section */

/* Begin PBXNativeTarget section */
		62259BAF203D912500862F4F /* TechnicalTest */ = {
			isa = PBXNativeTarget;
			buildConfigurationList = 62259BD8203D912500862F4F /* Build configuration list for PBXNativeTarget "TechnicalTest" */;
			buildPhases = (
				62259BAC203D912500862F4F /* Sources */,
				62259BAD203D912500862F4F /* Frameworks */,
				62259BAE203D912500862F4F /* Resources */,
			);
			buildRules = (
			);
			dependencies = (
			);
			name = TechnicalTest;
			productName = TechnicalTest;
			productReference = 62259BB0203D912500862F4F /* TechnicalTest.app */;
			productType = "com.apple.product-type.application";
		};
		62259BC3203D912500862F4F /* TechnicalTestTests */ = {
			isa = PBXNativeTarget;
			buildConfigurationList = 62259BDB203D912500862F4F /* Build configuration list for PBXNativeTarget "TechnicalTestTests" */;
			buildPhases = (
				62259BC0203D912500862F4F /* Sources */,
				62259BC1203D912500862F4F /* Frameworks */,
				62259BC2203D912500862F4F /* Resources */,
			);
			buildRules = (
			);
			dependencies = (
				62259BC6203D912500862F4F /* PBXTargetDependency */,
			);
			name = TechnicalTestTests;
			productName = TechnicalTestTests;
			productReference = 62259BC4203D912500862F4F /* TechnicalTestTests.xctest */;
			productType = "com.apple.product-type.bundle.unit-test";
		};
		62259BCE203D912500862F4F /* TechnicalTestUITests */ = {
			isa = PBXNativeTarget;
			buildConfigurationList = 62259BDE203D912500862F4F /* Build configuration list for PBXNativeTarget "TechnicalTestUITests" */;
			buildPhases = (
				62259BCB203D912500862F4F /* Sources */,
				62259BCC203D912500862F4F /* Frameworks */,
				62259BCD203D912500862F4F /* Resources */,
			);
			buildRules = (
			);
			dependencies = (
				62259BD1203D912500862F4F /* PBXTargetDependency */,
			);
			name = TechnicalTestUITests;
			productName = TechnicalTestUITests;
			productReference = 62259BCF203D912500862F4F /* TechnicalTestUITests.xctest */;
			productType = "com.apple.product-type.bundle.ui-testing";
		};
/* End PBXNativeTarget section */

/* Begin PBXProject section */
		62259BA8203D912500862F4F /* Project object */ = {
			isa = PBXProject;
			attributes = {
				LastSwiftUpdateCheck = 0920;
				LastUpgradeCheck = 0920;
				ORGANIZATIONNAME = UbiqueSystems;
				TargetAttributes = {
					62259BAF203D912500862F4F = {
						CreatedOnToolsVersion = 9.2;
						ProvisioningStyle = Automatic;
					};
					62259BC3203D912500862F4F = {
						CreatedOnToolsVersion = 9.2;
						ProvisioningStyle = Automatic;
						TestTargetID = 62259BAF203D912500862F4F;
					};
					62259BCE203D912500862F4F = {
						CreatedOnToolsVersion = 9.2;
						ProvisioningStyle = Automatic;
						TestTargetID = 62259BAF203D912500862F4F;
					};
				};
			};
			buildConfigurationList = 62259BAB203D912500862F4F /* Build configuration list for PBXProject "TechnicalTest" */;
			compatibilityVersion = "Xcode 8.0";
			developmentRegion = en;
			hasScannedForEncodings = 0;
			knownRegions = (
				en,
				Base,
			);
			mainGroup = 62259BA7203D912500862F4F;
			productRefGroup = 62259BB1203D912500862F4F /* Products */;
			projectDirPath = "";
			projectRoot = "";
			targets = (
				62259BAF203D912500862F4F /* TechnicalTest */,
				62259BC3203D912500862F4F /* TechnicalTestTests */,
				62259BCE203D912500862F4F /* TechnicalTestUITests */,
			);
		};
/* End PBXProject section */

/* Begin PBXResourcesBuildPhase section */
		62259BAE203D912500862F4F /* Resources */ = {
			isa = PBXResourcesBuildPhase;
			buildActionMask = 2147483647;
			files = (
				62259BBE203D912500862F4F /* LaunchScreen.storyboard in Resources */,
				62259BBB203D912500862F4F /* Assets.xcassets in Resources */,
				62259BB9203D912500862F4F /* Main.storyboard in Resources */,
			);
			runOnlyForDeploymentPostprocessing = 0;
		};
		62259BC2203D912500862F4F /* Resources */ = {
			isa = PBXResourcesBuildPhase;
			buildActionMask = 2147483647;
			files = (
			);
			runOnlyForDeploymentPostprocessing = 0;
		};
		62259BCD203D912500862F4F /* Resources */ = {
			isa = PBXResourcesBuildPhase;
			buildActionMask = 2147483647;
			files = (
			);
			runOnlyForDeploymentPostprocessing = 0;
		};
/* End PBXResourcesBuildPhase section */

/* Begin PBXSourcesBuildPhase section */
		62259BAC203D912500862F4F /* Sources */ = {
			isa = PBXSourcesBuildPhase;
			buildActionMask = 2147483647;
			files = (
				62259BB6203D912500862F4F /* ViewController.swift in Sources */,
				62259BB4203D912500862F4F /* AppDelegate.swift in Sources */,
			);
			runOnlyForDeploymentPostprocessing = 0;
		};
		62259BC0203D912500862F4F /* Sources */ = {
			isa = PBXSourcesBuildPhase;
			buildActionMask = 2147483647;
			files = (
				62259BC9203D912500862F4F /* TechnicalTestTests.swift in Sources */,
			);
			runOnlyForDeploymentPostprocessing = 0;
		};
		62259BCB203D912500862F4F /* Sources */ = {
			isa = PBXSourcesBuildPhase;
			buildActionMask = 2147483647;
			files = (
				62259BD4203D912500862F4F /* TechnicalTestUITests.swift in Sources */,
			);
			runOnlyForDeploymentPostprocessing = 0;
		};
/* End PBXSourcesBuildPhase section */

/* Begin PBXTargetDependency section */
		62259BC6203D912500862F4F /* PBXTargetDependency */ = {
			isa = PBXTargetDependency;
			target = 62259BAF203D912500862F4F /* TechnicalTest */;
			targetProxy = 62259BC5203D912500862F4F /* PBXContainerItemProxy */;
		};
		62259BD1203D912500862F4F /* PBXTargetDependency */ = {
			isa = PBXTargetDependency;
			target = 62259BAF203D912500862F4F /* TechnicalTest */;
			targetProxy = 62259BD0203D912500862F4F /* PBXContainerItemProxy */;
		};
/* End PBXTargetDependency section */

/* Begin PBXVariantGroup section */
		62259BB7203D912500862F4F /* Main.storyboard */ = {
			isa = PBXVariantGroup;
			children = (
				62259BB8203D912500862F4F /* Base */,
			);
			name = Main.storyboard;
			sourceTree = "<group>";
		};
		62259BBC203D912500862F4F /* LaunchScreen.storyboard */ = {
			isa = PBXVariantGroup;
			children = (
				62259BBD203D912500862F4F /* Base */,
			);
			name = LaunchScreen.storyboard;
			sourceTree = "<group>";
		};
/* End PBXVariantGroup section */

/* Begin XCBuildConfiguration section */
		62259BD6203D912500862F4F /* Debug */ = {
			isa = XCBuildConfiguration;
			buildSettings = {
				ALWAYS_SEARCH_USER_PATHS = NO;
				CLANG_ANALYZER_NONNULL = YES;
				CLANG_ANALYZER_NUMBER_OBJECT_CONVERSION = YES_AGGRESSIVE;
				CLANG_CXX_LANGUAGE_STANDARD = "gnu++14";
				CLANG_CXX_LIBRARY = "libc++";
				CLANG_ENABLE_MODULES = YES;
				CLANG_ENABLE_OBJC_ARC = YES;
				CLANG_WARN_BLOCK_CAPTURE_AUTORELEASING = YES;
				CLANG_WARN_BOOL_CONVERSION = YES;
				CLANG_WARN_COMMA = YES;
				CLANG_WARN_CONSTANT_CONVERSION = YES;
				CLANG_WARN_DIRECT_OBJC_ISA_USAGE = YES_ERROR;
				CLANG_WARN_DOCUMENTATION_COMMENTS = YES;
				CLANG_WARN_EMPTY_BODY = YES;
				CLANG_WARN_ENUM_CONVERSION = YES;
				CLANG_WARN_INFINITE_RECURSION = YES;
				CLANG_WARN_INT_CONVERSION = YES;
				CLANG_WARN_NON_LITERAL_NULL_CONVERSION = YES;
				CLANG_WARN_OBJC_LITERAL_CONVERSION = YES;
				CLANG_WARN_OBJC_ROOT_CLASS = YES_ERROR;
				CLANG_WARN_RANGE_LOOP_ANALYSIS = YES;
				CLANG_WARN_STRICT_PROTOTYPES = YES;
				CLANG_WARN_SUSPICIOUS_MOVE = YES;
				CLANG_WARN_UNGUARDED_AVAILABILITY = YES_AGGRESSIVE;
				CLANG_WARN_UNREACHABLE_CODE = YES;
				CLANG_WARN__DUPLICATE_METHOD_MATCH = YES;
				CODE_SIGN_IDENTITY = "iPhone Developer";
				COPY_PHASE_STRIP = NO;
				DEBUG_INFORMATION_FORMAT = dwarf;
				ENABLE_STRICT_OBJC_MSGSEND = YES;
				ENABLE_TESTABILITY = YES;
				GCC_C_LANGUAGE_STANDARD = gnu11;
				GCC_DYNAMIC_NO_PIC = NO;
				GCC_NO_COMMON_BLOCKS = YES;
				GCC_OPTIMIZATION_LEVEL = 0;
				GCC_PREPROCESSOR_DEFINITIONS = (
					"DEBUG=1",
					"$(inherited)",
				);
				GCC_WARN_64_TO_32_BIT_CONVERSION = YES;
				GCC_WARN_ABOUT_RETURN_TYPE = YES_ERROR;
				GCC_WARN_UNDECLARED_SELECTOR = YES;
				GCC_WARN_UNINITIALIZED_AUTOS = YES_AGGRESSIVE;
				GCC_WARN_UNUSED_FUNCTION = YES;
				GCC_WARN_UNUSED_VARIABLE = YES;
				IPHONEOS_DEPLOYMENT_TARGET = 11.2;
				MTL_ENABLE_DEBUG_INFO = YES;
				ONLY_ACTIVE_ARCH = YES;
				SDKROOT = iphoneos;
				SWIFT_ACTIVE_COMPILATION_CONDITIONS = DEBUG;
				SWIFT_OPTIMIZATION_LEVEL = "-Onone";
			};
			name = Debug;
		};
		62259BD7203D912500862F4F /* Release */ = {
			isa = XCBuildConfiguration;
			buildSettings = {
				ALWAYS_SEARCH_USER_PATHS = NO;
				CLANG_ANALYZER_NONNULL = YES;
				CLANG_ANALYZER_NUMBER_OBJECT_CONVERSION = YES_AGGRESSIVE;
				CLANG_CXX_LANGUAGE_STANDARD = "gnu++14";
				CLANG_CXX_LIBRARY = "libc++";
				CLANG_ENABLE_MODULES = YES;
				CLANG_ENABLE_OBJC_ARC = YES;
				CLANG_WARN_BLOCK_CAPTURE_AUTORELEASING = YES;
				CLANG_WARN_BOOL_CONVERSION = YES;
				CLANG_WARN_COMMA = YES;
				CLANG_WARN_CONSTANT_CONVERSION = YES;
				CLANG_WARN_DIRECT_OBJC_ISA_USAGE = YES_ERROR;
				CLANG_WARN_DOCUMENTATION_COMMENTS = YES;
				CLANG_WARN_EMPTY_BODY = YES;
				CLANG_WARN_ENUM_CONVERSION = YES;
				CLANG_WARN_INFINITE_RECURSION = YES;
				CLANG_WARN_INT_CONVERSION = YES;
				CLANG_WARN_NON_LITERAL_NULL_CONVERSION = YES;
				CLANG_WARN_OBJC_LITERAL_CONVERSION = YES;
				CLANG_WARN_OBJC_ROOT_CLASS = YES_ERROR;
				CLANG_WARN_RANGE_LOOP_ANALYSIS = YES;
				CLANG_WARN_STRICT_PROTOTYPES = YES;
				CLANG_WARN_SUSPICIOUS_MOVE = YES;
				CLANG_WARN_UNGUARDED_AVAILABILITY = YES_AGGRESSIVE;
				CLANG_WARN_UNREACHABLE_CODE = YES;
				CLANG_WARN__DUPLICATE_METHOD_MATCH = YES;
				CODE_SIGN_IDENTITY = "iPhone Developer";
				COPY_PHASE_STRIP = NO;
				DEBUG_INFORMATION_FORMAT = "dwarf-with-dsym";
				ENABLE_NS_ASSERTIONS = NO;
				ENABLE_STRICT_OBJC_MSGSEND = YES;
				GCC_C_LANGUAGE_STANDARD = gnu11;
				GCC_NO_COMMON_BLOCKS = YES;
				GCC_WARN_64_TO_32_BIT_CONVERSION = YES;
				GCC_WARN_ABOUT_RETURN_TYPE = YES_ERROR;
				GCC_WARN_UNDECLARED_SELECTOR = YES;
				GCC_WARN_UNINITIALIZED_AUTOS = YES_AGGRESSIVE;
				GCC_WARN_UNUSED_FUNCTION = YES;
				GCC_WARN_UNUSED_VARIABLE = YES;
				IPHONEOS_DEPLOYMENT_TARGET = 11.2;
				MTL_ENABLE_DEBUG_INFO = NO;
				SDKROOT = iphoneos;
				SWIFT_OPTIMIZATION_LEVEL = "-Owholemodule";
				VALIDATE_PRODUCT = YES;
			};
			name = Release;
		};
		62259BD9203D912500862F4F /* Debug */ = {
			isa = XCBuildConfiguration;
			buildSettings = {
				ASSETCATALOG_COMPILER_APPICON_NAME = AppIcon;
				CODE_SIGN_STYLE = Automatic;
				INFOPLIST_FILE = TechnicalTest/Info.plist;
				LD_RUNPATH_SEARCH_PATHS = "$(inherited) @executable_path/Frameworks";
				PRODUCT_BUNDLE_IDENTIFIER = com.UbiqueSystems.TechnicalTest;
				PRODUCT_NAME = "$(TARGET_NAME)";
				SWIFT_VERSION = 4.0;
				TARGETED_DEVICE_FAMILY = "1,2";
			};
			name = Debug;
		};
		62259BDA203D912500862F4F /* Release */ = {
			isa = XCBuildConfiguration;
			buildSettings = {
				ASSETCATALOG_COMPILER_APPICON_NAME = AppIcon;
				CODE_SIGN_STYLE = Automatic;
				INFOPLIST_FILE = TechnicalTest/Info.plist;
				LD_RUNPATH_SEARCH_PATHS = "$(inherited) @executable_path/Frameworks";
				PRODUCT_BUNDLE_IDENTIFIER = com.UbiqueSystems.TechnicalTest;
				PRODUCT_NAME = "$(TARGET_NAME)";
				SWIFT_VERSION = 4.0;
				TARGETED_DEVICE_FAMILY = "1,2";
			};
			name = Release;
		};
		62259BDC203D912500862F4F /* Debug */ = {
			isa = XCBuildConfiguration;
			buildSettings = {
				ALWAYS_EMBED_SWIFT_STANDARD_LIBRARIES = YES;
				BUNDLE_LOADER = "$(TEST_HOST)";
				CODE_SIGN_STYLE = Automatic;
				INFOPLIST_FILE = TechnicalTestTests/Info.plist;
				LD_RUNPATH_SEARCH_PATHS = "$(inherited) @executable_path/Frameworks @loader_path/Frameworks";
				PRODUCT_BUNDLE_IDENTIFIER = com.UbiqueSystems.TechnicalTestTests;
				PRODUCT_NAME = "$(TARGET_NAME)";
				SWIFT_VERSION = 4.0;
				TARGETED_DEVICE_FAMILY = "1,2";
				TEST_HOST = "$(BUILT_PRODUCTS_DIR)/TechnicalTest.app/TechnicalTest";
			};
			name = Debug;
		};
		62259BDD203D912500862F4F /* Release */ = {
			isa = XCBuildConfiguration;
			buildSettings = {
				ALWAYS_EMBED_SWIFT_STANDARD_LIBRARIES = YES;
				BUNDLE_LOADER = "$(TEST_HOST)";
				CODE_SIGN_STYLE = Automatic;
				INFOPLIST_FILE = TechnicalTestTests/Info.plist;
				LD_RUNPATH_SEARCH_PATHS = "$(inherited) @executable_path/Frameworks @loader_path/Frameworks";
				PRODUCT_BUNDLE_IDENTIFIER = com.UbiqueSystems.TechnicalTestTests;
				PRODUCT_NAME = "$(TARGET_NAME)";
				SWIFT_VERSION = 4.0;
				TARGETED_DEVICE_FAMILY = "1,2";
				TEST_HOST = "$(BUILT_PRODUCTS_DIR)/TechnicalTest.app/TechnicalTest";
			};
			name = Release;
		};
		62259BDF203D912500862F4F /* Debug */ = {
			isa = XCBuildConfiguration;
			buildSettings = {
				ALWAYS_EMBED_SWIFT_STANDARD_LIBRARIES = YES;
				CODE_SIGN_STYLE = Automatic;
				INFOPLIST_FILE = TechnicalTestUITests/Info.plist;
				LD_RUNPATH_SEARCH_PATHS = "$(inherited) @executable_path/Frameworks @loader_path/Frameworks";
				PRODUCT_BUNDLE_IDENTIFIER = com.UbiqueSystems.TechnicalTestUITests;
				PRODUCT_NAME = "$(TARGET_NAME)";
				SWIFT_VERSION = 4.0;
				TARGETED_DEVICE_FAMILY = "1,2";
				TEST_TARGET_NAME = TechnicalTest;
			};
			name = Debug;
		};
		62259BE0203D912500862F4F /* Release */ = {
			isa = XCBuildConfiguration;
			buildSettings = {
				ALWAYS_EMBED_SWIFT_STANDARD_LIBRARIES = YES;
				CODE_SIGN_STYLE = Automatic;
				INFOPLIST_FILE = TechnicalTestUITests/Info.plist;
				LD_RUNPATH_SEARCH_PATHS = "$(inherited) @executable_path/Frameworks @loader_path/Frameworks";
				PRODUCT_BUNDLE_IDENTIFIER = com.UbiqueSystems.TechnicalTestUITests;
				PRODUCT_NAME = "$(TARGET_NAME)";
				SWIFT_VERSION = 4.0;
				TARGETED_DEVICE_FAMILY = "1,2";
				TEST_TARGET_NAME = TechnicalTest;
			};
			name = Release;
		};
/* End XCBuildConfiguration section */

/* Begin XCConfigurationList section */
		62259BAB203D912500862F4F /* Build configuration list for PBXProject "TechnicalTest" */ = {
			isa = XCConfigurationList;
			buildConfigurations = (
				62259BD6203D912500862F4F /* Debug */,
				62259BD7203D912500862F4F /* Release */,
			);
			defaultConfigurationIsVisible = 0;
			defaultConfigurationName = Release;
		};
		62259BD8203D912500862F4F /* Build configuration list for PBXNativeTarget "TechnicalTest" */ = {
			isa = XCConfigurationList;
			buildConfigurations = (
				62259BD9203D912500862F4F /* Debug */,
				62259BDA203D912500862F4F /* Release */,
			);
			defaultConfigurationIsVisible = 0;
			defaultConfigurationName = Release;
		};
		62259BDB203D912500862F4F /* Build configuration list for PBXNativeTarget "TechnicalTestTests" */ = {
			isa = XCConfigurationList;
			buildConfigurations = (
				62259BDC203D912500862F4F /* Debug */,
				62259BDD203D912500862F4F /* Release */,
			);
			defaultConfigurationIsVisible = 0;
			defaultConfigurationName = Release;
		};
		62259BDE203D912500862F4F /* Build configuration list for PBXNativeTarget "TechnicalTestUITests" */ = {
			isa = XCConfigurationList;
			buildConfigurations = (
				62259BDF203D912500862F4F /* Debug */,
				62259BE0203D912500862F4F /* Release */,
			);
			defaultConfigurationIsVisible = 0;
			defaultConfigurationName = Release;
		};
/* End XCConfigurationList section */
	};
	rootObject = 62259BA8203D912500862F4F /* Project object */;
}
